// !$*UTF8*$!
{
	archiveVersion = 1;
	classes = {
	};
	objectVersion = 46;
	objects = {

/* Begin PBXBuildFile section */
		13BA179A1C74BE1700236BBE /* AppDelegate.swift in Sources */ = {isa = PBXBuildFile; fileRef = 13BA17991C74BE1700236BBE /* AppDelegate.swift */; };
		13BA179C1C74BE1700236BBE /* MenuVC.swift in Sources */ = {isa = PBXBuildFile; fileRef = 13BA179B1C74BE1700236BBE /* MenuVC.swift */; };
		13BA179F1C74BE1700236BBE /* Main.storyboard in Resources */ = {isa = PBXBuildFile; fileRef = 13BA179D1C74BE1700236BBE /* Main.storyboard */; };
		13BA17A21C74BE1700236BBE /* FavoriteMovies.xcdatamodeld in Sources */ = {isa = PBXBuildFile; fileRef = 13BA17A01C74BE1700236BBE /* FavoriteMovies.xcdatamodeld */; };
		13BA17A41C74BE1700236BBE /* Assets.xcassets in Resources */ = {isa = PBXBuildFile; fileRef = 13BA17A31C74BE1700236BBE /* Assets.xcassets */; };
		13BA17A71C74BE1700236BBE /* LaunchScreen.storyboard in Resources */ = {isa = PBXBuildFile; fileRef = 13BA17A51C74BE1700236BBE /* LaunchScreen.storyboard */; };
		13EC88541C74FFA60014F125 /* AddVC.swift in Sources */ = {isa = PBXBuildFile; fileRef = 13EC88531C74FFA60014F125 /* AddVC.swift */; };
		13EC88571C7500910014F125 /* DetailVC.swift in Sources */ = {isa = PBXBuildFile; fileRef = 13EC88551C7500910014F125 /* DetailVC.swift */; };
		13EC88581C7500910014F125 /* DetailVC.xib in Resources */ = {isa = PBXBuildFile; fileRef = 13EC88561C7500910014F125 /* DetailVC.xib */; };
		13EC885A1C7500E70014F125 /* MovieCell.swift in Sources */ = {isa = PBXBuildFile; fileRef = 13EC88591C7500E70014F125 /* MovieCell.swift */; };
		13EC885C1C75012E0014F125 /* RoundedImage.swift in Sources */ = {isa = PBXBuildFile; fileRef = 13EC885B1C75012E0014F125 /* RoundedImage.swift */; };
		13EC88601C7505B80014F125 /* Movie+CoreDataProperties.swift in Sources */ = {isa = PBXBuildFile; fileRef = 13EC885E1C7505B80014F125 /* Movie+CoreDataProperties.swift */; };
		13EC88611C7505B80014F125 /* Movie.swift in Sources */ = {isa = PBXBuildFile; fileRef = 13EC885F1C7505B80014F125 /* Movie.swift */; };
		13EC88631C750F1A0014F125 /* CoreDataService.swift in Sources */ = {isa = PBXBuildFile; fileRef = 13EC88621C750F1A0014F125 /* CoreDataService.swift */; };
/* End PBXBuildFile section */

/* Begin PBXFileReference section */
		13BA17961C74BE1700236BBE /* FavoriteMovies.app */ = {isa = PBXFileReference; explicitFileType = wrapper.application; includeInIndex = 0; path = FavoriteMovies.app; sourceTree = BUILT_PRODUCTS_DIR; };
		13BA17991C74BE1700236BBE /* AppDelegate.swift */ = {isa = PBXFileReference; lastKnownFileType = sourcecode.swift; path = AppDelegate.swift; sourceTree = "<group>"; };
		13BA179B1C74BE1700236BBE /* MenuVC.swift */ = {isa = PBXFileReference; lastKnownFileType = sourcecode.swift; path = MenuVC.swift; sourceTree = "<group>"; };
		13BA179E1C74BE1700236BBE /* Base */ = {isa = PBXFileReference; lastKnownFileType = file.storyboard; name = Base; path = Base.lproj/Main.storyboard; sourceTree = "<group>"; };
		13BA17A11C74BE1700236BBE /* FavoriteMovies.xcdatamodel */ = {isa = PBXFileReference; lastKnownFileType = wrapper.xcdatamodel; path = FavoriteMovies.xcdatamodel; sourceTree = "<group>"; };
		13BA17A31C74BE1700236BBE /* Assets.xcassets */ = {isa = PBXFileReference; lastKnownFileType = folder.assetcatalog; path = Assets.xcassets; sourceTree = "<group>"; };
		13BA17A61C74BE1700236BBE /* Base */ = {isa = PBXFileReference; lastKnownFileType = file.storyboard; name = Base; path = Base.lproj/LaunchScreen.storyboard; sourceTree = "<group>"; };
		13BA17A81C74BE1700236BBE /* Info.plist */ = {isa = PBXFileReference; lastKnownFileType = text.plist.xml; path = Info.plist; sourceTree = "<group>"; };
		13EC88531C74FFA60014F125 /* AddVC.swift */ = {isa = PBXFileReference; fileEncoding = 4; lastKnownFileType = sourcecode.swift; path = AddVC.swift; sourceTree = "<group>"; };
		13EC88551C7500910014F125 /* DetailVC.swift */ = {isa = PBXFileReference; fileEncoding = 4; lastKnownFileType = sourcecode.swift; path = DetailVC.swift; sourceTree = "<group>"; };
		13EC88561C7500910014F125 /* DetailVC.xib */ = {isa = PBXFileReference; fileEncoding = 4; lastKnownFileType = file.xib; path = DetailVC.xib; sourceTree = "<group>"; };
		13EC88591C7500E70014F125 /* MovieCell.swift */ = {isa = PBXFileReference; fileEncoding = 4; lastKnownFileType = sourcecode.swift; path = MovieCell.swift; sourceTree = "<group>"; };
		13EC885B1C75012E0014F125 /* RoundedImage.swift */ = {isa = PBXFileReference; fileEncoding = 4; lastKnownFileType = sourcecode.swift; path = RoundedImage.swift; sourceTree = "<group>"; };
		13EC885E1C7505B80014F125 /* Movie+CoreDataProperties.swift */ = {isa = PBXFileReference; fileEncoding = 4; lastKnownFileType = sourcecode.swift; name = "Movie+CoreDataProperties.swift"; path = "../Movie+CoreDataProperties.swift"; sourceTree = "<group>"; };
		13EC885F1C7505B80014F125 /* Movie.swift */ = {isa = PBXFileReference; fileEncoding = 4; lastKnownFileType = sourcecode.swift; name = Movie.swift; path = ../Movie.swift; sourceTree = "<group>"; };
		13EC88621C750F1A0014F125 /* CoreDataService.swift */ = {isa = PBXFileReference; fileEncoding = 4; lastKnownFileType = sourcecode.swift; path = CoreDataService.swift; sourceTree = "<group>"; };
/* End PBXFileReference section */

/* Begin PBXFrameworksBuildPhase section */
		13BA17931C74BE1700236BBE /* Frameworks */ = {
			isa = PBXFrameworksBuildPhase;
			buildActionMask = 2147483647;
			files = (
			);
			runOnlyForDeploymentPostprocessing = 0;
		};
/* End PBXFrameworksBuildPhase section */

/* Begin PBXGroup section */
		13BA178D1C74BE1700236BBE = {
			isa = PBXGroup;
			children = (
				13BA17981C74BE1700236BBE /* FavoriteMovies */,
				13BA17971C74BE1700236BBE /* Products */,
			);
			sourceTree = "<group>";
		};
		13BA17971C74BE1700236BBE /* Products */ = {
			isa = PBXGroup;
			children = (
				13BA17961C74BE1700236BBE /* FavoriteMovies.app */,
			);
			name = Products;
			sourceTree = "<group>";
		};
		13BA17981C74BE1700236BBE /* FavoriteMovies */ = {
			isa = PBXGroup;
			children = (
				13EC885D1C7503500014F125 /* Services */,
				13EC88521C74C40B0014F125 /* Model */,
				13EC88501C74C3740014F125 /* View */,
				13EC88511C74C3FB0014F125 /* Controller */,
				13BA17991C74BE1700236BBE /* AppDelegate.swift */,
				13BA17A31C74BE1700236BBE /* Assets.xcassets */,
				13BA17A81C74BE1700236BBE /* Info.plist */,
				13BA17A01C74BE1700236BBE /* FavoriteMovies.xcdatamodeld */,
			);
			path = FavoriteMovies;
			sourceTree = "<group>";
		};
		13EC88501C74C3740014F125 /* View */ = {
			isa = PBXGroup;
			children = (
				13BA179D1C74BE1700236BBE /* Main.storyboard */,
				13EC88561C7500910014F125 /* DetailVC.xib */,
				13BA17A51C74BE1700236BBE /* LaunchScreen.storyboard */,
				13EC88591C7500E70014F125 /* MovieCell.swift */,
				13EC885B1C75012E0014F125 /* RoundedImage.swift */,
			);
			name = View;
			sourceTree = "<group>";
		};
		13EC88511C74C3FB0014F125 /* Controller */ = {
			isa = PBXGroup;
			children = (
				13BA179B1C74BE1700236BBE /* MenuVC.swift */,
				13EC88531C74FFA60014F125 /* AddVC.swift */,
				13EC88551C7500910014F125 /* DetailVC.swift */,
			);
			name = Controller;
			sourceTree = "<group>";
		};
		13EC88521C74C40B0014F125 /* Model */ = {
			isa = PBXGroup;
			children = (
				13EC885E1C7505B80014F125 /* Movie+CoreDataProperties.swift */,
				13EC885F1C7505B80014F125 /* Movie.swift */,
			);
			name = Model;
			sourceTree = "<group>";
		};
		13EC885D1C7503500014F125 /* Services */ = {
			isa = PBXGroup;
			children = (
				13EC88621C750F1A0014F125 /* CoreDataService.swift */,
			);
			name = Services;
			sourceTree = "<group>";
		};
/* End PBXGroup section */

/* Begin PBXNativeTarget section */
		13BA17951C74BE1700236BBE /* FavoriteMovies */ = {
			isa = PBXNativeTarget;
			buildConfigurationList = 13BA17AB1C74BE1700236BBE /* Build configuration list for PBXNativeTarget "FavoriteMovies" */;
			buildPhases = (
				13BA17921C74BE1700236BBE /* Sources */,
				13BA17931C74BE1700236BBE /* Frameworks */,
				13BA17941C74BE1700236BBE /* Resources */,
			);
			buildRules = (
			);
			dependencies = (
			);
			name = FavoriteMovies;
			productName = FavoriteMovies;
			productReference = 13BA17961C74BE1700236BBE /* FavoriteMovies.app */;
			productType = "com.apple.product-type.application";
		};
/* End PBXNativeTarget section */

/* Begin PBXProject section */
		13BA178E1C74BE1700236BBE /* Project object */ = {
			isa = PBXProject;
			attributes = {
				LastSwiftUpdateCheck = 0720;
				LastUpgradeCheck = 0720;
				ORGANIZATIONNAME = "Jan Dammshäuser";
				TargetAttributes = {
					13BA17951C74BE1700236BBE = {
						CreatedOnToolsVersion = 7.2.1;
						DevelopmentTeam = 6N9Z26P656;
					};
				};
			};
			buildConfigurationList = 13BA17911C74BE1700236BBE /* Build configuration list for PBXProject "FavoriteMovies" */;
			compatibilityVersion = "Xcode 3.2";
			developmentRegion = English;
			hasScannedForEncodings = 0;
			knownRegions = (
				en,
				Base,
			);
			mainGroup = 13BA178D1C74BE1700236BBE;
			productRefGroup = 13BA17971C74BE1700236BBE /* Products */;
			projectDirPath = "";
			projectRoot = "";
			targets = (
				13BA17951C74BE1700236BBE /* FavoriteMovies */,
			);
		};
/* End PBXProject section */

/* Begin PBXResourcesBuildPhase section */
		13BA17941C74BE1700236BBE /* Resources */ = {
			isa = PBXResourcesBuildPhase;
			buildActionMask = 2147483647;
			files = (
				13BA17A71C74BE1700236BBE /* LaunchScreen.storyboard in Resources */,
				13EC88581C7500910014F125 /* DetailVC.xib in Resources */,
				13BA17A41C74BE1700236BBE /* Assets.xcassets in Resources */,
				13BA179F1C74BE1700236BBE /* Main.storyboard in Resources */,
			);
			runOnlyForDeploymentPostprocessing = 0;
		};
/* End PBXResourcesBuildPhase section */

/* Begin PBXSourcesBuildPhase section */
		13BA17921C74BE1700236BBE /* Sources */ = {
			isa = PBXSourcesBuildPhase;
			buildActionMask = 2147483647;
			files = (
				13EC88571C7500910014F125 /* DetailVC.swift in Sources */,
				13EC88541C74FFA60014F125 /* AddVC.swift in Sources */,
				13EC88631C750F1A0014F125 /* CoreDataService.swift in Sources */,
				13EC88611C7505B80014F125 /* Movie.swift in Sources */,
				13EC885C1C75012E0014F125 /* RoundedImage.swift in Sources */,
				13EC885A1C7500E70014F125 /* MovieCell.swift in Sources */,
				13EC88601C7505B80014F125 /* Movie+CoreDataProperties.swift in Sources */,
				13BA17A21C74BE1700236BBE /* FavoriteMovies.xcdatamodeld in Sources */,
				13BA179C1C74BE1700236BBE /* MenuVC.swift in Sources */,
				13BA179A1C74BE1700236BBE /* AppDelegate.swift in Sources */,
			);
			runOnlyForDeploymentPostprocessing = 0;
		};
/* End PBXSourcesBuildPhase section */

/* Begin PBXVariantGroup section */
		13BA179D1C74BE1700236BBE /* Main.storyboard */ = {
			isa = PBXVariantGroup;
			children = (
				13BA179E1C74BE1700236BBE /* Base */,
			);
			name = Main.storyboard;
			sourceTree = "<group>";
		};
		13BA17A51C74BE1700236BBE /* LaunchScreen.storyboard */ = {
			isa = PBXVariantGroup;
			children = (
				13BA17A61C74BE1700236BBE /* Base */,
			);
			name = LaunchScreen.storyboard;
			sourceTree = "<group>";
		};
/* End PBXVariantGroup section */

/* Begin XCBuildConfiguration section */
		13BA17A91C74BE1700236BBE /* Debug */ = {
			isa = XCBuildConfiguration;
			buildSettings = {
				ALWAYS_SEARCH_USER_PATHS = NO;
				CLANG_CXX_LANGUAGE_STANDARD = "gnu++0x";
				CLANG_CXX_LIBRARY = "libc++";
				CLANG_ENABLE_MODULES = YES;
				CLANG_ENABLE_OBJC_ARC = YES;
				CLANG_WARN_BOOL_CONVERSION = YES;
				CLANG_WARN_CONSTANT_CONVERSION = YES;
				CLANG_WARN_DIRECT_OBJC_ISA_USAGE = YES_ERROR;
				CLANG_WARN_EMPTY_BODY = YES;
				CLANG_WARN_ENUM_CONVERSION = YES;
				CLANG_WARN_INT_CONVERSION = YES;
				CLANG_WARN_OBJC_ROOT_CLASS = YES_ERROR;
				CLANG_WARN_UNREACHABLE_CODE = YES;
				CLANG_WARN__DUPLICATE_METHOD_MATCH = YES;
				"CODE_SIGN_IDENTITY[sdk=iphoneos*]" = "iPhone Developer";
				COPY_PHASE_STRIP = NO;
				DEBUG_INFORMATION_FORMAT = dwarf;
				ENABLE_STRICT_OBJC_MSGSEND = YES;
				ENABLE_TESTABILITY = YES;
				GCC_C_LANGUAGE_STANDARD = gnu99;
				GCC_DYNAMIC_NO_PIC = NO;
				GCC_NO_COMMON_BLOCKS = YES;
				GCC_OPTIMIZATION_LEVEL = 0;
				GCC_PREPROCESSOR_DEFINITIONS = (
					"DEBUG=1",
					"$(inherited)",
				);
				GCC_WARN_64_TO_32_BIT_CONVERSION = YES;
				GCC_WARN_ABOUT_RETURN_TYPE = YES_ERROR;
				GCC_WARN_UNDECLARED_SELECTOR = YES;
				GCC_WARN_UNINITIALIZED_AUTOS = YES_AGGRESSIVE;
				GCC_WARN_UNUSED_FUNCTION = YES;
				GCC_WARN_UNUSED_VARIABLE = YES;
				IPHONEOS_DEPLOYMENT_TARGET = 9.2;
				MTL_ENABLE_DEBUG_INFO = YES;
				ONLY_ACTIVE_ARCH = YES;
				SDKROOT = iphoneos;
				SWIFT_OPTIMIZATION_LEVEL = "-Onone";
			};
			name = Debug;
		};
		13BA17AA1C74BE1700236BBE /* Release */ = {
			isa = XCBuildConfiguration;
			buildSettings = {
				ALWAYS_SEARCH_USER_PATHS = NO;
				CLANG_CXX_LANGUAGE_STANDARD = "gnu++0x";
				CLANG_CXX_LIBRARY = "libc++";
				CLANG_ENABLE_MODULES = YES;
				CLANG_ENABLE_OBJC_ARC = YES;
				CLANG_WARN_BOOL_CONVERSION = YES;
				CLANG_WARN_CONSTANT_CONVERSION = YES;
				CLANG_WARN_DIRECT_OBJC_ISA_USAGE = YES_ERROR;
				CLANG_WARN_EMPTY_BODY = YES;
				CLANG_WARN_ENUM_CONVERSION = YES;
				CLANG_WARN_INT_CONVERSION = YES;
				CLANG_WARN_OBJC_ROOT_CLASS = YES_ERROR;
				CLANG_WARN_UNREACHABLE_CODE = YES;
				CLANG_WARN__DUPLICATE_METHOD_MATCH = YES;
				"CODE_SIGN_IDENTITY[sdk=iphoneos*]" = "iPhone Developer";
				COPY_PHASE_STRIP = NO;
				DEBUG_INFORMATION_FORMAT = "dwarf-with-dsym";
				ENABLE_NS_ASSERTIONS = NO;
				ENABLE_STRICT_OBJC_MSGSEND = YES;
				GCC_C_LANGUAGE_STANDARD = gnu99;
				GCC_NO_COMMON_BLOCKS = YES;
				GCC_WARN_64_TO_32_BIT_CONVERSION = YES;
				GCC_WARN_ABOUT_RETURN_TYPE = YES_ERROR;
				GCC_WARN_UNDECLARED_SELECTOR = YES;
				GCC_WARN_UNINITIALIZED_AUTOS = YES_AGGRESSIVE;
				GCC_WARN_UNUSED_FUNCTION = YES;
				GCC_WARN_UNUSED_VARIABLE = YES;
				IPHONEOS_DEPLOYMENT_TARGET = 9.2;
				MTL_ENABLE_DEBUG_INFO = NO;
				SDKROOT = iphoneos;
				VALIDATE_PRODUCT = YES;
			};
			name = Release;
		};
		13BA17AC1C74BE1700236BBE /* Debug */ = {
			isa = XCBuildConfiguration;
			buildSettings = {
				ASSETCATALOG_COMPILER_APPICON_NAME = AppIcon;
				INFOPLIST_FILE = FavoriteMovies/Info.plist;
				LD_RUNPATH_SEARCH_PATHS = "$(inherited) @executable_path/Frameworks";
				PRODUCT_BUNDLE_IDENTIFIER = de.jandamm.FavoriteMovies;
				PRODUCT_NAME = "$(TARGET_NAME)";
			};
			name = Debug;
		};
		13BA17AD1C74BE1700236BBE /* Release */ = {
			isa = XCBuildConfiguration;
			buildSettings = {
				ASSETCATALOG_COMPILER_APPICON_NAME = AppIcon;
				INFOPLIST_FILE = FavoriteMovies/Info.plist;
				LD_RUNPATH_SEARCH_PATHS = "$(inherited) @executable_path/Frameworks";
				PRODUCT_BUNDLE_IDENTIFIER = de.jandamm.FavoriteMovies;
				PRODUCT_NAME = "$(TARGET_NAME)";
			};
			name = Release;
		};
/* End XCBuildConfiguration section */

/* Begin XCConfigurationList section */
		13BA17911C74BE1700236BBE /* Build configuration list for PBXProject "FavoriteMovies" */ = {
			isa = XCConfigurationList;
			buildConfigurations = (
				13BA17A91C74BE1700236BBE /* Debug */,
				13BA17AA1C74BE1700236BBE /* Release */,
			);
			defaultConfigurationIsVisible = 0;
			defaultConfigurationName = Release;
		};
		13BA17AB1C74BE1700236BBE /* Build configuration list for PBXNativeTarget "FavoriteMovies" */ = {
			isa = XCConfigurationList;
			buildConfigurations = (
				13BA17AC1C74BE1700236BBE /* Debug */,
				13BA17AD1C74BE1700236BBE /* Release */,
			);
			defaultConfigurationIsVisible = 0;
			defaultConfigurationName = Release;
		};
/* End XCConfigurationList section */

/* Begin XCVersionGroup section */
		13BA17A01C74BE1700236BBE /* FavoriteMovies.xcdatamodeld */ = {
			isa = XCVersionGroup;
			children = (
				13BA17A11C74BE1700236BBE /* FavoriteMovies.xcdatamodel */,
			);
			currentVersion = 13BA17A11C74BE1700236BBE /* FavoriteMovies.xcdatamodel */;
			path = FavoriteMovies.xcdatamodeld;
			sourceTree = "<group>";
			versionGroupType = wrapper.xcdatamodel;
		};
/* End XCVersionGroup section */
	};
	rootObject = 13BA178E1C74BE1700236BBE /* Project object */;
}
